
Microsoft Visual Studio Solution File, Format Version 12.00
Project("{FAE04EC0-301F-11D3-BF4B-00C04F79EFBC}") = "Floyd-Warshall Algorithm", "Floyd-Warshall Algorithm\Floyd-Warshall Algorithm.csproj", "{DCA0D2C2-6766-40A1-A975-2D309D42CF9A}"
EndProject
Global
	GlobalSection(SolutionConfigurationPlatforms) = preSolution
		Debug|Any CPU = Debug|Any CPU
		Release|Any CPU = Release|Any CPU
	EndGlobalSection
	GlobalSection(ProjectConfigurationPlatforms) = postSolution
		{DCA0D2C2-6766-40A1-A975-2D309D42CF9A}.Debug|Any CPU.ActiveCfg = Debug|Any CPU
		{DCA0D2C2-6766-40A1-A975-2D309D42CF9A}.Debug|Any CPU.Build.0 = Debug|Any CPU
		{DCA0D2C2-6766-40A1-A975-2D309D42CF9A}.Release|Any CPU.ActiveCfg = Release|Any CPU
		{DCA0D2C2-6766-40A1-A975-2D309D42CF9A}.Release|Any CPU.Build.0 = Release|Any CPU
	EndGlobalSection
EndGlobal
